
Microsoft Visual Studio Solution File, Format Version 12.00
# Visual Studio 2012
Project("{FAE04EC0-301F-11D3-BF4B-00C04F79EFBC}") = "PredBool", "PredBool\PredBool.csproj", "{DB17F2E9-9603-4158-9967-74A972D1E7A8}"
EndProject
Project("{FAE04EC0-301F-11D3-BF4B-00C04F79EFBC}") = "PredBool.Tests", "PredBool.Tests\PredBool.Tests.csproj", "{CF08BEE0-14F7-4F60-AEFF-CDB7BFCF63C1}"
EndProject
Global
	GlobalSection(SolutionConfigurationPlatforms) = preSolution
		Debug|Any CPU = Debug|Any CPU
		Release|Any CPU = Release|Any CPU
	EndGlobalSection
	GlobalSection(ProjectConfigurationPlatforms) = postSolution
		{DB17F2E9-9603-4158-9967-74A972D1E7A8}.Debug|Any CPU.ActiveCfg = Debug|Any CPU
		{DB17F2E9-9603-4158-9967-74A972D1E7A8}.Debug|Any CPU.Build.0 = Debug|Any CPU
		{DB17F2E9-9603-4158-9967-74A972D1E7A8}.Release|Any CPU.ActiveCfg = Release|Any CPU
		{DB17F2E9-9603-4158-9967-74A972D1E7A8}.Release|Any CPU.Build.0 = Release|Any CPU
		{CF08BEE0-14F7-4F60-AEFF-CDB7BFCF63C1}.Debug|Any CPU.ActiveCfg = Debug|Any CPU
		{CF08BEE0-14F7-4F60-AEFF-CDB7BFCF63C1}.Debug|Any CPU.Build.0 = Debug|Any CPU
		{CF08BEE0-14F7-4F60-AEFF-CDB7BFCF63C1}.Release|Any CPU.ActiveCfg = Release|Any CPU
		{CF08BEE0-14F7-4F60-AEFF-CDB7BFCF63C1}.Release|Any CPU.Build.0 = Release|Any CPU
	EndGlobalSection
	GlobalSection(SolutionProperties) = preSolution
		HideSolutionNode = FALSE
	EndGlobalSection
EndGlobal
